
Microsoft Visual Studio Solution File, Format Version 12.00
# Visual Studio 15
VisualStudioVersion = 15.0.27004.2010
MinimumVisualStudioVersion = 10.0.40219.1
Project("{FAE04EC0-301F-11D3-BF4B-00C04F79EFBC}") = "App", "..\App\App.csproj", "{CBC753E1-9063-4E75-9DC2-5326DC7D72BE}"
EndProject
Global
	GlobalSection(SolutionConfigurationPlatforms) = preSolution
		Debug|Any CPU = Debug|Any CPU
		Release|Any CPU = Release|Any CPU
	EndGlobalSection
	GlobalSection(ProjectConfigurationPlatforms) = postSolution
		{CBC753E1-9063-4E75-9DC2-5326DC7D72BE}.Debug|Any CPU.ActiveCfg = Debug|Any CPU
		{CBC753E1-9063-4E75-9DC2-5326DC7D72BE}.Debug|Any CPU.Build.0 = Debug|Any CPU
		{CBC753E1-9063-4E75-9DC2-5326DC7D72BE}.Debug|Any CPU.Deploy.0 = Debug|Any CPU
		{CBC753E1-9063-4E75-9DC2-5326DC7D72BE}.Release|Any CPU.ActiveCfg = Release|Any CPU
		{CBC753E1-9063-4E75-9DC2-5326DC7D72BE}.Release|Any CPU.Build.0 = Release|Any CPU
		{CBC753E1-9063-4E75-9DC2-5326DC7D72BE}.Release|Any CPU.Deploy.0 = Release|Any CPU
	EndGlobalSection
	GlobalSection(SolutionProperties) = preSolution
		HideSolutionNode = FALSE
	EndGlobalSection
	GlobalSection(ExtensibilityGlobals) = postSolution
		SolutionGuid = {5F3CDA02-5015-48B1-8450-3DD5AF73CB3E}
	EndGlobalSection
EndGlobal
